{
    "_readme": [
        "This file locks the dependencies of your project to a known state",
        "Read more about it at https://getcomposer.org/doc/01-basic-usage.md#installing-dependencies",
        "This file is @generated automatically"
    ],
    "content-hash": "0d03a85a9d9555234dc2ef331c42a2f4",
    "packages": [
        {
            "name": "illuminate/macroable",
            "version": "v12.52.0",
            "source": {
                "type": "git",
                "url": "https://github.com/illuminate/macroable.git",
                "reference": "e862e5648ee34004fa56046b746f490dfa86c613"
            },
            "dist": {
                "type": "zip",
                "url": "https://api.github.com/repos/illuminate/macroable/zipball/e862e5648ee34004fa56046b746f490dfa86c613",
                "reference": "e862e5648ee34004fa56046b746f490dfa86c613",
                "shasum": ""
            },
            "require": {
                "php": "^8.2"
            },
            "type": "library",
            "extra": {
                "branch-alias": {
                    "dev-master": "12.x-dev"
                }
            },
            "autoload": {
                "psr-4": {
                    "Illuminate\\Support\\": ""
                }
            },
            "notification-url": "https://packagist.org/downloads/",
            "license": [
                "MIT"
            ],
            "authors": [
                {
                    "name": "Taylor Otwell",
                    "email": "taylor@laravel.com"
                }
            ],
            "description": "The Illuminate Macroable package.",
            "homepage": "https://laravel.com",
            "support": {
                "issues": "https://github.com/laravel/framework/issues",
                "source": "https://github.com/laravel/framework"
            },
            "time": "2024-07-23T16:31:01+00:00"
        },
        {
            "name": "laravel/legacy-factories",
            "version": "v1.4.1",
            "source": {
                "type": "git",
                "url": "https://github.com/laravel/legacy-factories.git",
                "reference": "cd0f8c77d116bac121e9779fcff1f71801aaac50"
            },
            "dist": {
                "type": "zip",
                "url": "https://api.github.com/repos/laravel/legacy-factories/zipball/cd0f8c77d116bac121e9779fcff1f71801aaac50",
                "reference": "cd0f8c77d116bac121e9779fcff1f71801aaac50",
                "shasum": ""
            },
            "require": {
                "illuminate/macroable": "^8.0|^9.0|^10.0|^11.0|^12.0",
                "php": "^7.3|^8.0",
                "symfony/finder": "^3.4|^4.0|^5.0|^6.0|^7.0"
            },
            "type": "library",
            "extra": {
                "laravel": {
                    "providers": [
                        "Illuminate\\Database\\Eloquent\\LegacyFactoryServiceProvider"
                    ]
                },
                "branch-alias": {
                    "dev-master": "1.x-dev"
                }
            },
            "autoload": {
                "files": [
                    "helpers.php"
                ],
                "psr-4": {
                    "Illuminate\\Database\\Eloquent\\": "src/"
                }
            },
            "notification-url": "https://packagist.org/downloads/",
            "license": [
                "MIT"
            ],
            "authors": [
                {
                    "name": "Taylor Otwell",
                    "email": "taylor@laravel.com"
                }
            ],
            "description": "The legacy version of the Laravel Eloquent factories.",
            "homepage": "http://laravel.com",
            "support": {
                "issues": "https://github.com/laravel/framework/issues",
                "source": "https://github.com/laravel/framework"
            },
            "time": "2025-01-24T15:41:36+00:00"
        },
        {
            "name": "symfony/finder",
            "version": "v7.4.5",
            "source": {
                "type": "git",
                "url": "https://github.com/symfony/finder.git",
                "reference": "ad4daa7c38668dcb031e63bc99ea9bd42196a2cb"
            },
            "dist": {
                "type": "zip",
                "url": "https://api.github.com/repos/symfony/finder/zipball/ad4daa7c38668dcb031e63bc99ea9bd42196a2cb",
                "reference": "ad4daa7c38668dcb031e63bc99ea9bd42196a2cb",
                "shasum": ""
            },
            "require": {
                "php": ">=8.2"
            },
            "require-dev": {
                "symfony/filesystem": "^6.4|^7.0|^8.0"
            },
            "type": "library",
            "autoload": {
                "psr-4": {
                    "Symfony\\Component\\Finder\\": ""
                },
                "exclude-from-classmap": [
                    "/Tests/"
                ]
            },
            "notification-url": "https://packagist.org/downloads/",
            "license": [
                "MIT"
            ],
            "authors": [
                {
                    "name": "Fabien Potencier",
                    "email": "fabien@symfony.com"
                },
                {
                    "name": "Symfony Community",
                    "homepage": "https://symfony.com/contributors"
                }
            ],
            "description": "Finds files and directories via an intuitive fluent interface",
            "homepage": "https://symfony.com",
            "support": {
                "source": "https://github.com/symfony/finder/tree/v7.4.5"
            },
            "funding": [
                {
                    "url": "https://symfony.com/sponsor",
                    "type": "custom"
                },
                {
                    "url": "https://github.com/fabpot",
                    "type": "github"
                },
                {
                    "url": "https://github.com/nicolas-grekas",
                    "type": "github"
                },
                {
                    "url": "https://tidelift.com/funding/github/packagist/symfony/symfony",
                    "type": "tidelift"
                }
            ],
            "time": "2026-01-26T15:07:59+00:00"
        }
    ],
    "packages-dev": [],
    "aliases": [],
    "minimum-stability": "stable",
    "stability-flags": {},
    "prefer-stable": false,
    "prefer-lowest": false,
    "platform": {},
    "platform-dev": {},
    "plugin-api-version": "2.9.0"
}
